
Microsoft Visual Studio Solution File, Format Version 12.00
# Visual Studio Version 17
VisualStudioVersion = 17.9.34728.123
MinimumVisualStudioVersion = 10.0.40219.1
Project("{FAE04EC0-301F-11D3-BF4B-00C04F79EFBC}") = "MyStock", "MyStock\MyStock.csproj", "{1E4B9D1B-8F06-40A4-BB06-77F12A6BF818}"
EndProject
Global
	GlobalSection(SolutionConfigurationPlatforms) = preSolution
		Debug|Any CPU = Debug|Any CPU
		Release|Any CPU = Release|Any CPU
	EndGlobalSection
	GlobalSection(ProjectConfigurationPlatforms) = postSolution
		{1E4B9D1B-8F06-40A4-BB06-77F12A6BF818}.Debug|Any CPU.ActiveCfg = Debug|Any CPU
		{1E4B9D1B-8F06-40A4-BB06-77F12A6BF818}.Debug|Any CPU.Build.0 = Debug|Any CPU
		{1E4B9D1B-8F06-40A4-BB06-77F12A6BF818}.Release|Any CPU.ActiveCfg = Release|Any CPU
		{1E4B9D1B-8F06-40A4-BB06-77F12A6BF818}.Release|Any CPU.Build.0 = Release|Any CPU
	EndGlobalSection
	GlobalSection(SolutionProperties) = preSolution
		HideSolutionNode = FALSE
	EndGlobalSection
	GlobalSection(ExtensibilityGlobals) = postSolution
		SolutionGuid = {9425BD6F-2F53-4BAC-9DAB-A25A420E02E9}
	EndGlobalSection
EndGlobal
